
Microsoft Visual Studio Solution File, Format Version 12.00
# Visual Studio Version 17
VisualStudioVersion = 17.8.34322.80
MinimumVisualStudioVersion = 10.0.40219.1
Project("{FAE04EC0-301F-11D3-BF4B-00C04F79EFBC}") = "PeriodicTableofElements", "PeriodicTableofElements.csproj", "{2C5B7556-7B19-4B92-B862-D7DB6B3EC945}"
EndProject
Global
	GlobalSection(SolutionConfigurationPlatforms) = preSolution
		Debug|Any CPU = Debug|Any CPU
		Release|Any CPU = Release|Any CPU
	EndGlobalSection
	GlobalSection(ProjectConfigurationPlatforms) = postSolution
		{2C5B7556-7B19-4B92-B862-D7DB6B3EC945}.Debug|Any CPU.ActiveCfg = Debug|Any CPU
		{2C5B7556-7B19-4B92-B862-D7DB6B3EC945}.Debug|Any CPU.Build.0 = Debug|Any CPU
		{2C5B7556-7B19-4B92-B862-D7DB6B3EC945}.Release|Any CPU.ActiveCfg = Release|Any CPU
		{2C5B7556-7B19-4B92-B862-D7DB6B3EC945}.Release|Any CPU.Build.0 = Release|Any CPU
	EndGlobalSection
	GlobalSection(SolutionProperties) = preSolution
		HideSolutionNode = FALSE
	EndGlobalSection
	GlobalSection(ExtensibilityGlobals) = postSolution
		SolutionGuid = {839D7277-3F24-4C07-8EFA-BF6FA9E97003}
	EndGlobalSection
EndGlobal
